
Microsoft Visual Studio Solution File, Format Version 12.00
# Visual Studio Version 17
VisualStudioVersion = 17.10.35027.167
MinimumVisualStudioVersion = 10.0.40219.1
Project("{9A19103F-16F7-4668-BE54-9A1E7A4F7556}") = "Pokemon-Review-API", "Pokemon-Review-API\Pokemon-Review-API.csproj", "{3D492820-5290-4590-9705-3768F28D2751}"
EndProject
Project("{FAE04EC0-301F-11D3-BF4B-00C04F79EFBC}") = "PokemonReviewApi", "TestProject_Pokemon_API\PokemonReviewApi.csproj", "{84D8C3C2-7F2E-428E-9F01-901584C0F2C0}"
EndProject
Global
	GlobalSection(SolutionConfigurationPlatforms) = preSolution
		Debug|Any CPU = Debug|Any CPU
		Release|Any CPU = Release|Any CPU
	EndGlobalSection
	GlobalSection(ProjectConfigurationPlatforms) = postSolution
		{3D492820-5290-4590-9705-3768F28D2751}.Debug|Any CPU.ActiveCfg = Debug|Any CPU
		{3D492820-5290-4590-9705-3768F28D2751}.Debug|Any CPU.Build.0 = Debug|Any CPU
		{3D492820-5290-4590-9705-3768F28D2751}.Release|Any CPU.ActiveCfg = Release|Any CPU
		{3D492820-5290-4590-9705-3768F28D2751}.Release|Any CPU.Build.0 = Release|Any CPU
		{84D8C3C2-7F2E-428E-9F01-901584C0F2C0}.Debug|Any CPU.ActiveCfg = Debug|Any CPU
		{84D8C3C2-7F2E-428E-9F01-901584C0F2C0}.Debug|Any CPU.Build.0 = Debug|Any CPU
		{84D8C3C2-7F2E-428E-9F01-901584C0F2C0}.Release|Any CPU.ActiveCfg = Release|Any CPU
		{84D8C3C2-7F2E-428E-9F01-901584C0F2C0}.Release|Any CPU.Build.0 = Release|Any CPU
	EndGlobalSection
	GlobalSection(SolutionProperties) = preSolution
		HideSolutionNode = FALSE
	EndGlobalSection
	GlobalSection(ExtensibilityGlobals) = postSolution
		SolutionGuid = {C9B7BB0B-7296-44C7-80FA-0421A26A2A32}
	EndGlobalSection
EndGlobal
